github.com/BurntSushi/toml v1.6.0 h1:dRaEfpa2VI55EwlIW72hMRHdWouJeRF7TPYhI+AUQjk=
github.com/BurntSushi/toml v1.6.0/go.mod h1:ukJfTF/6rtPPRCnwkur4qwRxa8vTRFBF0uk2lLoLwho=
github.com/alecthomas/assert/v2 v2.11.0 h1:2Q9r3ki8+JYXvGsDyBXwH3LcJ+WK5D0gc5E8vS6K3D0=
github.com/alecthomas/assert/v2 v2.11.0/go.mod h1:Bze95FyfUr7x34QZrjL+XP+0qgp/zg8yS+TtBj1WA3k=
github.com/alecthomas/chroma/v2 v2.27.0 h1:FodwmyOBgJULFYmDqibcp9pvfDLWdtPRh9v/r5BXYZs=
github.com/alecthomas/chroma/v2 v2.27.0/go.mod h1:NjJ3ciIgrqBNeIkWZ4e46nseoLDslxU1LmfCoL+wcY8=
github.com/alecthomas/repr v0.5.2 h1:SU73FTI9D1P5UNtvseffFSGmdNci/O6RsqzeXJtP0Qs=
github.com/alecthomas/repr v0.5.2/go.mod h1:Fr0507jx4eOXV7AlPV6AVZLYrLIuIeSOWtW57eE/O/4=
github.com/bmatcuk/doublestar/v4 v4.10.0 h1:zU9WiOla1YA122oLM6i4EXvGW62DvKZVxIe6TYWexEs=
github.com/bmatcuk/doublestar/v4 v4.10.0/go.mod h1:xBQ8jztBU6kakFMg+8WGxn0c6z1fTSPVIjEY1Wr7jzc=
github.com/coderaiser/go-coverage v1.5.2 h1:8MWZLSh9pM4PucXKbjrN7Mgog1jhu4GMwKnaOU9J8x4=
github.com/coderaiser/go-coverage v1.5.2/go.mod h1:DA4x8bBn+cjeMN/fuWyySzS9OV1DiqBWzDAZZc+nSN8=
github.com/dlclark/regexp2/v2 v2.5.2 h1:HAsucWRhsqcDzl6Ua9aR8JwYOTzrZyPrF0/FNxJVAI0=
github.com/dlclark/regexp2/v2 v2.5.2/go.mod h1:avUrQvPaLz2DrFNHJF0taWAFFX2C1GMSSoeiqFjcBmU=
github.com/goplus/ixgo v1.1.4 h1:u7O3iW43G1477LzZlZ8gV2wW+vr9OLUF/pFVXBikRe8=
github.com/goplus/ixgo v1.1.4/go.mod h1:shAfjpNv8fFIIvOXQcQ+V+DNyV64Knfn6vuLB0VOqKQ=
github.com/goplus/reflectx v1.7.5 h1:CFZgoYO23rafGMmHY/nJVYpcqFeY4zMhWdfLm48lloA=
github.com/goplus/reflectx v1.7.5/go.mod h1:EXX8KSPTmnb2W1PfyVkDC0Qwet0lYX2h2/S06Vhwrhw=
github.com/hexops/gotextdiff v1.0.3 h1:gitA9+qJrrTCsiCl7+kh75nPqQt1cx4ZkudSTLoUqJM=
github.com/hexops/gotextdiff v1.0.3/go.mod h1:pSWU5MAI3yDq+fZBTazCSJysOMbxWL1BSow5/V2vxeg=
github.com/lithammer/dedent v1.1.0 h1:VNzHMVCBNG1j0fh3OrsFRkVUwStdDArbgBWoPAffktY=
github.com/lithammer/dedent v1.1.0/go.mod h1:jrXYCQtgg0nJiN+StA2KgR7w6CiQNv9Fd/Z9BP0jIOc=
github.com/visualfc/funcval v0.1.5 h1:jR21zdx0pFk4nUzmutrFZL6EiRuMYR/ZaD+KOzTwyEk=
github.com/visualfc/funcval v0.1.5/go.mod h1:3Izv+irhArmrTvy+lmL6pIq16gSOzx73CIka51J9eR0=
github.com/visualfc/gid v0.3.3 h1:ZlUC0a17PaY1KDKIhtQhRouu+ptJ8LIC79ncqgrJJ1Q=
github.com/visualfc/gid v0.3.3/go.mod h1:N0s4EB3rVkkKeAJTKCNYTyYJ9Z4ntg7AQ+FNBc2zBHw=
github.com/visualfc/xtype v0.3.3 h1:XnR+5mgVPaZdv3ZjcObsHEzFl7w2Wny/iYTivI+J8Xg=
github.com/visualfc/xtype v0.3.3/go.mod h1:VYIH9S2bmdWKlBb7c725ES6yKF9+pyHBU2SFNqGVMGM=
golang.org/x/mod v0.32.0 h1:9F4d3PHLljb6x//jOyokMv3eX+YDeepZSEo3mFJy93c=
golang.org/x/mod v0.32.0/go.mod h1:SgipZ/3h2Ci89DlEtEXWUk/HteuRin+HHhN+WbNhguU=
golang.org/x/tools v0.41.0 h1:a9b8iMweWG+S0OBnlU36rzLp20z1Rp10w+IY2czHTQc=
golang.org/x/tools v0.41.0/go.mod h1:XSY6eDqxVNiYgezAVqqCeihT4j1U2CCsqvH3WhQpnlg=
